
Microsoft Visual Studio Solution File, Format Version 12.00
# Visual Studio Version 17
VisualStudioVersion = 17.2.32519.379
MinimumVisualStudioVersion = 10.0.40219.1
Project("{FAE04EC0-301F-11D3-BF4B-00C04F79EFBC}") = "POO1", "POO1\POO1.csproj", "{DBF7560B-26CD-4875-9A68-47834AD4DFC0}"
EndProject
Global
	GlobalSection(SolutionConfigurationPlatforms) = preSolution
		Debug|Any CPU = Debug|Any CPU
		Release|Any CPU = Release|Any CPU
	EndGlobalSection
	GlobalSection(ProjectConfigurationPlatforms) = postSolution
		{DBF7560B-26CD-4875-9A68-47834AD4DFC0}.Debug|Any CPU.ActiveCfg = Debug|Any CPU
		{DBF7560B-26CD-4875-9A68-47834AD4DFC0}.Debug|Any CPU.Build.0 = Debug|Any CPU
		{DBF7560B-26CD-4875-9A68-47834AD4DFC0}.Release|Any CPU.ActiveCfg = Release|Any CPU
		{DBF7560B-26CD-4875-9A68-47834AD4DFC0}.Release|Any CPU.Build.0 = Release|Any CPU
	EndGlobalSection
	GlobalSection(SolutionProperties) = preSolution
		HideSolutionNode = FALSE
	EndGlobalSection
	GlobalSection(ExtensibilityGlobals) = postSolution
		SolutionGuid = {3FE0B8BD-2680-49A9-B336-5B377AA1B818}
	EndGlobalSection
EndGlobal
