
Microsoft Visual Studio Solution File, Format Version 12.00
# Visual Studio Version 17
VisualStudioVersion = 17.2.32519.379
MinimumVisualStudioVersion = 10.0.40219.1
Project("{FAE04EC0-301F-11D3-BF4B-00C04F79EFBC}") = "Lab.LinQ.UI", "Lab.LinQ.UI\Lab.LinQ.UI.csproj", "{0D65C3A3-96EF-4E30-87E3-DD26633F0045}"
EndProject
Project("{FAE04EC0-301F-11D3-BF4B-00C04F79EFBC}") = "Lab.LinQ.Data", "Lab.LinQ.Data\Lab.LinQ.Data.csproj", "{C7642D29-8F2A-41BE-BB63-97FFFD1B931B}"
EndProject
Project("{FAE04EC0-301F-11D3-BF4B-00C04F79EFBC}") = "Lab.LinQ.Logic", "Lab.LinQ.Logic\Lab.LinQ.Logic.csproj", "{6057AA49-65B9-44EE-B77A-92B5D6EC8BAC}"
EndProject
Project("{FAE04EC0-301F-11D3-BF4B-00C04F79EFBC}") = "Lab.LinQ.Entities", "Lab.LinQ.Entities\Lab.LinQ.Entities.csproj", "{E912B7CF-63B6-4D25-B11E-05CFA727D7B1}"
EndProject
Global
	GlobalSection(SolutionConfigurationPlatforms) = preSolution
		Debug|Any CPU = Debug|Any CPU
		Release|Any CPU = Release|Any CPU
	EndGlobalSection
	GlobalSection(ProjectConfigurationPlatforms) = postSolution
		{0D65C3A3-96EF-4E30-87E3-DD26633F0045}.Debug|Any CPU.ActiveCfg = Debug|Any CPU
		{0D65C3A3-96EF-4E30-87E3-DD26633F0045}.Debug|Any CPU.Build.0 = Debug|Any CPU
		{0D65C3A3-96EF-4E30-87E3-DD26633F0045}.Release|Any CPU.ActiveCfg = Release|Any CPU
		{0D65C3A3-96EF-4E30-87E3-DD26633F0045}.Release|Any CPU.Build.0 = Release|Any CPU
		{C7642D29-8F2A-41BE-BB63-97FFFD1B931B}.Debug|Any CPU.ActiveCfg = Debug|Any CPU
		{C7642D29-8F2A-41BE-BB63-97FFFD1B931B}.Debug|Any CPU.Build.0 = Debug|Any CPU
		{C7642D29-8F2A-41BE-BB63-97FFFD1B931B}.Release|Any CPU.ActiveCfg = Release|Any CPU
		{C7642D29-8F2A-41BE-BB63-97FFFD1B931B}.Release|Any CPU.Build.0 = Release|Any CPU
		{6057AA49-65B9-44EE-B77A-92B5D6EC8BAC}.Debug|Any CPU.ActiveCfg = Debug|Any CPU
		{6057AA49-65B9-44EE-B77A-92B5D6EC8BAC}.Debug|Any CPU.Build.0 = Debug|Any CPU
		{6057AA49-65B9-44EE-B77A-92B5D6EC8BAC}.Release|Any CPU.ActiveCfg = Release|Any CPU
		{6057AA49-65B9-44EE-B77A-92B5D6EC8BAC}.Release|Any CPU.Build.0 = Release|Any CPU
		{E912B7CF-63B6-4D25-B11E-05CFA727D7B1}.Debug|Any CPU.ActiveCfg = Debug|Any CPU
		{E912B7CF-63B6-4D25-B11E-05CFA727D7B1}.Debug|Any CPU.Build.0 = Debug|Any CPU
		{E912B7CF-63B6-4D25-B11E-05CFA727D7B1}.Release|Any CPU.ActiveCfg = Release|Any CPU
		{E912B7CF-63B6-4D25-B11E-05CFA727D7B1}.Release|Any CPU.Build.0 = Release|Any CPU
	EndGlobalSection
	GlobalSection(SolutionProperties) = preSolution
		HideSolutionNode = FALSE
	EndGlobalSection
	GlobalSection(ExtensibilityGlobals) = postSolution
		SolutionGuid = {F41D2AD3-341A-4E96-99B8-2C357A8268F5}
	EndGlobalSection
EndGlobal
